
Microsoft Visual Studio Solution File, Format Version 12.00
# Visual Studio Version 17
VisualStudioVersion = 17.0.31903.59
MinimumVisualStudioVersion = 10.0.40219.1
Project("{9A19103F-16F7-4668-BE54-9A1E7A4F7556}") = "FirstTaskWeb", "FirstTaskWeb\FirstTaskWeb.csproj", "{819257B9-644E-4984-89CF-59286D970F9B}"
EndProject
Project("{9A19103F-16F7-4668-BE54-9A1E7A4F7556}") = "FirstTask.Entities", "FirstTask.Entities\FirstTask.Entities.csproj", "{208D4E3E-9D07-43B0-81D8-C5BB72158B32}"
EndProject
Project("{9A19103F-16F7-4668-BE54-9A1E7A4F7556}") = "FirstTask.Repository", "FirstTask.Repository\FirstTask.Repository.csproj", "{F3B3AEC5-5605-4A2D-9815-39ECABA71857}"
EndProject
Global
	GlobalSection(SolutionConfigurationPlatforms) = preSolution
		Debug|Any CPU = Debug|Any CPU
		Release|Any CPU = Release|Any CPU
	EndGlobalSection
	GlobalSection(ProjectConfigurationPlatforms) = postSolution
		{819257B9-644E-4984-89CF-59286D970F9B}.Debug|Any CPU.ActiveCfg = Debug|Any CPU
		{819257B9-644E-4984-89CF-59286D970F9B}.Debug|Any CPU.Build.0 = Debug|Any CPU
		{819257B9-644E-4984-89CF-59286D970F9B}.Release|Any CPU.ActiveCfg = Release|Any CPU
		{819257B9-644E-4984-89CF-59286D970F9B}.Release|Any CPU.Build.0 = Release|Any CPU
		{208D4E3E-9D07-43B0-81D8-C5BB72158B32}.Debug|Any CPU.ActiveCfg = Debug|Any CPU
		{208D4E3E-9D07-43B0-81D8-C5BB72158B32}.Debug|Any CPU.Build.0 = Debug|Any CPU
		{208D4E3E-9D07-43B0-81D8-C5BB72158B32}.Release|Any CPU.ActiveCfg = Release|Any CPU
		{208D4E3E-9D07-43B0-81D8-C5BB72158B32}.Release|Any CPU.Build.0 = Release|Any CPU
		{F3B3AEC5-5605-4A2D-9815-39ECABA71857}.Debug|Any CPU.ActiveCfg = Debug|Any CPU
		{F3B3AEC5-5605-4A2D-9815-39ECABA71857}.Debug|Any CPU.Build.0 = Debug|Any CPU
		{F3B3AEC5-5605-4A2D-9815-39ECABA71857}.Release|Any CPU.ActiveCfg = Release|Any CPU
		{F3B3AEC5-5605-4A2D-9815-39ECABA71857}.Release|Any CPU.Build.0 = Release|Any CPU
	EndGlobalSection
	GlobalSection(SolutionProperties) = preSolution
		HideSolutionNode = FALSE
	EndGlobalSection
	GlobalSection(ExtensibilityGlobals) = postSolution
		SolutionGuid = {872D7FB1-D069-4330-9AE1-81FA82C18A1D}
	EndGlobalSection
EndGlobal
